{
  "version": 1,
  "dependencies": {
    "net8.0-windows10.0.19041": {
      "CP.Extensions.Hosting.ReactiveUI.Wpf": {
        "type": "Direct",
        "requested": "[2.1.13, )",
        "resolved": "2.1.13",
        "contentHash": "SpXz/eQia9QcsnFVJREZmwKaHh12Mn1eNz5bzMKFOs9Zw2heOGtN+/TuJ4gmV6K9a5eo5NBDs8JbQi1k4j6NvA==",
        "dependencies": {
          "CP.Extensions.Hosting.Wpf": "2.1.13",
          "ReactiveUI.Drawing": "20.2.45",
          "ReactiveUI.WPF": "20.2.45",
          "Splat.Microsoft.Extensions.DependencyInjection": "15.3.1"
        }
      },
      "MaterialDesignThemes": {
        "type": "Direct",
        "requested": "[5.1.0, )",
        "resolved": "5.1.0",
        "contentHash": "k5lO0NqhExrCLnFWnapI+a2XvOOm/Mwz92GwUq4CvNrahMMPx9puALE8VJlLNeNxUYjWf2+PAKPGpmr1u1QDfg==",
        "dependencies": {
          "MaterialDesignColors": "3.1.0",
          "Microsoft.Xaml.Behaviors.Wpf": "1.1.39"
        }
      },
      "ReactiveUI.Drawing": {
        "type": "Direct",
        "requested": "[20.4.1, )",
        "resolved": "20.4.1",
        "contentHash": "Pes/ub5rouRMjcUWnfJhb5tpmwnG3EqNDnwHmdDnUiBhPL1CQr8YwIbx0xtR2pulvCNR/qCgQPUFX/7IiDzvDA==",
        "dependencies": {
          "DynamicData": "9.4.1",
          "ReactiveUI": "20.4.1",
          "Splat": "15.3.1",
          "Splat.Drawing": "15.3.1",
          "System.ComponentModel.Annotations": "5.0.0"
        }
      },
      "ReactiveUI.WPF": {
        "type": "Direct",
        "requested": "[20.4.1, )",
        "resolved": "20.4.1",
        "contentHash": "5LZNWPSfNrtxbYzas5Vyah8cwpJv6nS+/PxHPUVzfNWWyNfpLDxrY/6gFSclX301qpIRu9N1UrK3UMu6gYaI5Q==",
        "dependencies": {
          "DynamicData": "9.4.1",
          "ReactiveUI": "20.4.1",
          "Splat": "15.3.1",
          "System.ComponentModel.Annotations": "5.0.0"
        }
      },
      "Ardalis.Specification": {
        "type": "Transitive",
        "resolved": "9.2.0",
        "contentHash": "bggkCJU1tLIV/hSK5s0lbyFAOLsNpiafFPfrg2/0arWhmst8Y90CWQFTNE5aVJJLV1Ja6Jdf4rogsG9mYiRUSA=="
      },
      "Ardalis.Specification.EntityFrameworkCore": {
        "type": "Transitive",
        "resolved": "9.2.0",
        "contentHash": "0cy8NQpPemf870dwyk8orhIi5LSrvxtqUWQeJ+VfrK8eaUifGpXRKRR7rFHaIQRl4kzrU5Mz6RN0OsKs8fgu5w==",
        "dependencies": {
          "Ardalis.Specification": "9.2.0",
          "Microsoft.EntityFrameworkCore": "8.0.16",
          "Microsoft.EntityFrameworkCore.Relational": "8.0.16"
        }
      },
      "CP.Extensions.Hosting.MainUIThread": {
        "type": "Transitive",
        "resolved": "2.1.13",
        "contentHash": "libsLcpgvHLVCo4SKMTjXo/TMJPQoyo8Z/6zvrjPyv1L6zsM0II5bdpeJheshj5s2Ld9Uhk2JLSxYZKpmptvoA==",
        "dependencies": {
          "Microsoft.Extensions.Hosting": "9.0.4"
        }
      },
      "CP.Extensions.Hosting.SingleInstance": {
        "type": "Transitive",
        "resolved": "2.1.13",
        "contentHash": "9MyyTqdZ1J6OQMAZLEfiwEPIiulKL3Wfv5TAQSfnyOD/vRp+kiYZOGSANhDdJhkpodIS39GEc7kTr/feWVDPkw==",
        "dependencies": {
          "Microsoft.Extensions.Hosting": "9.0.4"
        }
      },
      "CP.Extensions.Hosting.Wpf": {
        "type": "Transitive",
        "resolved": "2.1.13",
        "contentHash": "ordzTnZ0157i73nXsgUfzY4U931pmOdup0781pvB5emUeMXgZz+sI8eLUVkyYCPbVsZMEy255ZNyK/l3gUAnQA==",
        "dependencies": {
          "CP.Extensions.Hosting.MainUIThread": "2.1.13"
        }
      },
      "DynamicData": {
        "type": "Transitive",
        "resolved": "9.4.1",
        "contentHash": "+SoDTbuzY9j0K+sZfRbbVpGjjylkVMhUQnw6qiPhxzYLBJlwxFpmunXSaNBtTxwC2C9d/XIp0kO7VhMAVuUt7w==",
        "dependencies": {
          "System.Reactive": "6.0.1"
        }
      },
      "FluentResults": {
        "type": "Transitive",
        "resolved": "4.0.0",
        "contentHash": "wKfdLvDnDVhXlSreU7u/NFNHH6EfoOhAloEID4ePAyk+ZliowKZJvX+aCL4hxhFc9Jj74t62amS4LyOYTjXGCg==",
        "dependencies": {
          "Microsoft.Extensions.Logging.Abstractions": "2.1.1",
          "System.Threading.Tasks.Extensions": "4.5.4"
        }
      },
      "FluentValidation": {
        "type": "Transitive",
        "resolved": "12.0.0",
        "contentHash": "8NVLxtMUXynRHJIX3Hn1ACovaqZIJASufXIIFkD0EUbcd5PmMsL1xUD5h548gCezJ5BzlITaR9CAMrGe29aWpA=="
      },
      "FluentValidation.DependencyInjectionExtensions": {
        "type": "Transitive",
        "resolved": "12.0.0",
        "contentHash": "B28fBRL1UjhGsBC8fwV6YBZosh+SiU1FxdD7l7p5dGPgRlVI7UnM+Lgzmg+unZtV1Zxzpaw96UY2MYfMaAd8cg==",
        "dependencies": {
          "FluentValidation": "12.0.0",
          "Microsoft.Extensions.Dependencyinjection.Abstractions": "2.1.0"
        }
      },
      "HtmlAgilityPack": {
        "type": "Transitive",
        "resolved": "1.12.1",
        "contentHash": "SP6/2Y26CXtxjXn0Wwsom9Ek35SNWKHEu/IWhNEFejBSSVWWXPRSlpqpBSYWv1SQhYFnwMO01xVbEdK3iRR4hg=="
      },
      "Humanizer.Core": {
        "type": "Transitive",
        "resolved": "2.14.1",
        "contentHash": "lQKvtaTDOXnoVJ20ibTuSIOf2i0uO0MPbDhd1jm238I+U/2ZnRENj0cktKZhtchBMtCUSRQ5v4xBCUbKNmyVMw=="
      },
      "Immediate.Handlers": {
        "type": "Transitive",
        "resolved": "2.2.0",
        "contentHash": "lwmd0BjpMX5iHLvtVTmllhaC9U3/gebp4O1CPFYYBgEODG3flBt3WntrpZ026eiPorFmZqifQMrhm1F/W7BMCA=="
      },
      "Injectio": {
        "type": "Transitive",
        "resolved": "5.0.0",
        "contentHash": "vobNqxNLUSri8ESae2FSzPuuwJGsQ1s1IAhCE/Orxq+uyvoW91dS+GP4EX5hRRFuu2QXIaSgVzrMb0AgFjfIQg==",
        "dependencies": {
          "Microsoft.Extensions.DependencyInjection": "9.0.4"
        }
      },
      "MaterialDesignColors": {
        "type": "Transitive",
        "resolved": "3.1.0",
        "contentHash": "J2mpZBWx0wArrMCK8E0Cqfsy+Wh3iRDVnznp5/84B1KcnTKI9u9Pyt2zN0oSQGsa6NhvwdUErbhE3jJd6iRTxw=="
      },
      "Microsoft.Data.Sqlite.Core": {
        "type": "Transitive",
        "resolved": "9.0.6",
        "contentHash": "3auiudiViGzj1TidUdjuDqtP3+f6PBk4xdw6r9sBaTtkYoGc3AZn0cP8LgYZaLRnJBqY5bXRLB+qhjoB+iATzA==",
        "dependencies": {
          "SQLitePCLRaw.core": "2.1.10"
        }
      },
      "Microsoft.EntityFrameworkCore": {
        "type": "Transitive",
        "resolved": "9.0.6",
        "contentHash": "r5hzM6Bhw4X3z28l5vmsaCPjk9VsQP4zaaY01THh1SAYjgTMVadYIvpNkCfmrv/Klks6aIf2A9eY7cpGZab/hg==",
        "dependencies": {
          "Microsoft.EntityFrameworkCore.Abstractions": "9.0.6",
          "Microsoft.EntityFrameworkCore.Analyzers": "9.0.6",
          "Microsoft.Extensions.Caching.Memory": "9.0.6",
          "Microsoft.Extensions.Logging": "9.0.6"
        }
      },
      "Microsoft.EntityFrameworkCore.Abstractions": {
        "type": "Transitive",
        "resolved": "9.0.6",
        "contentHash": "7MkhPK8emb8hfOx/mFVvHuIHxQ+mH2YdlK4sFUXgsGlvR0A44vsmd2wcHavZOTTzaKhN+aFUVy3zmkztKmTo+A=="
      },
      "Microsoft.EntityFrameworkCore.Analyzers": {
        "type": "Transitive",
        "resolved": "9.0.6",
        "contentHash": "VKggHNQC5FCn3/vooaIM/4aEjGmrmWm78IrdRLz9lLV0Rm9bVHEr/jiWApDkU0U9ec2xGAilvQqJ5mMX7QC2cw=="
      },
      "Microsoft.EntityFrameworkCore.Relational": {
        "type": "Transitive",
        "resolved": "9.0.6",
        "contentHash": "Ht6OT17sYnO31Dx+hX72YHrc5kZt53g5napaw0FpyIekXCvb+gUVvufEG55Fa7taFm8ccy0Vzs+JVNR9NL0JlA==",
        "dependencies": {
          "Microsoft.EntityFrameworkCore": "9.0.6",
          "Microsoft.Extensions.Caching.Memory": "9.0.6",
          "Microsoft.Extensions.Configuration.Abstractions": "9.0.6",
          "Microsoft.Extensions.Logging": "9.0.6"
        }
      },
      "Microsoft.EntityFrameworkCore.Sqlite": {
        "type": "Transitive",
        "resolved": "9.0.6",
        "contentHash": "bVSdfFrqIo3ZeQfWYYfnVVanP1GWghkdw+MnEmZJz7jUwtdPQpBKHr0BW9dMizPamzU+SMA1Qu4nXuRTlKVAGQ==",
        "dependencies": {
          "Microsoft.EntityFrameworkCore.Sqlite.Core": "9.0.6",
          "Microsoft.Extensions.Caching.Memory": "9.0.6",
          "Microsoft.Extensions.Configuration.Abstractions": "9.0.6",
          "Microsoft.Extensions.DependencyModel": "9.0.6",
          "Microsoft.Extensions.Logging": "9.0.6",
          "SQLitePCLRaw.bundle_e_sqlite3": "2.1.10",
          "SQLitePCLRaw.core": "2.1.10",
          "System.Text.Json": "9.0.6"
        }
      },
      "Microsoft.EntityFrameworkCore.Sqlite.Core": {
        "type": "Transitive",
        "resolved": "9.0.6",
        "contentHash": "xP+SvMDR/GZCDNXFw7z4WYbO2sYpECvht3+lqejg+Md8vLtURwTBvdsOUAnY4jBGmNFqHeh87hZSmUGmuxyqMA==",
        "dependencies": {
          "Microsoft.Data.Sqlite.Core": "9.0.6",
          "Microsoft.EntityFrameworkCore.Relational": "9.0.6",
          "Microsoft.Extensions.Caching.Memory": "9.0.6",
          "Microsoft.Extensions.Configuration.Abstractions": "9.0.6",
          "Microsoft.Extensions.DependencyModel": "9.0.6",
          "Microsoft.Extensions.Logging": "9.0.6",
          "SQLitePCLRaw.core": "2.1.10",
          "System.Text.Json": "9.0.6"
        }
      },
      "Microsoft.Extensions.Caching.Abstractions": {
        "type": "Transitive",
        "resolved": "9.0.6",
        "contentHash": "bL/xQsVNrdVkzjP5yjX4ndkQ03H3+Bk3qPpl+AMCEJR2RkfgAYmoQ/xXffPV7is64+QHShnhA12YAaFmNbfM+A==",
        "dependencies": {
          "Microsoft.Extensions.Primitives": "9.0.6"
        }
      },
      "Microsoft.Extensions.Caching.Memory": {
        "type": "Transitive",
        "resolved": "9.0.6",
        "contentHash": "qPW2d798tBPZcRmrlaBJqyChf2+0odDdE+0Lxvrr0ywkSNl1oNMK8AKrOfDwyXyjuLCv0ua7p6nrUExCeXhCcg==",
        "dependencies": {
          "Microsoft.Extensions.Caching.Abstractions": "9.0.6",
          "Microsoft.Extensions.DependencyInjection.Abstractions": "9.0.6",
          "Microsoft.Extensions.Logging.Abstractions": "9.0.6",
          "Microsoft.Extensions.Options": "9.0.6",
          "Microsoft.Extensions.Primitives": "9.0.6"
        }
      },
      "Microsoft.Extensions.Configuration": {
        "type": "Transitive",
        "resolved": "9.0.6",
        "contentHash": "VWB5jdkxHsRiuoniTqwOL32R4OWyp5If/bAucLjRJczRVNcwb8iCXKLjn3Inv8fv+jHMVMnvQLg7xhSys+y5PA==",
        "dependencies": {
          "Microsoft.Extensions.Configuration.Abstractions": "9.0.6",
          "Microsoft.Extensions.Primitives": "9.0.6"
        }
      },
      "Microsoft.Extensions.Configuration.Abstractions": {
        "type": "Transitive",
        "resolved": "9.0.6",
        "contentHash": "3GgMIi2jP8g1fBW93Z9b9Unamc0SIsgyhiCmC91gq4loTixK9vQMuxxUsfJ1kRGwn+/FqLKwOHqmn0oYWn3Fvw==",
        "dependencies": {
          "Microsoft.Extensions.Primitives": "9.0.6"
        }
      },
      "Microsoft.Extensions.Configuration.Binder": {
        "type": "Transitive",
        "resolved": "9.0.6",
        "contentHash": "Opl/7SIrwDy9WjHn/vU2thQ8CUtrIWHLr+89I7/0VYNEJQvpL24zvqYrh83cH38RzNKHji0WGVkCVP6HJChVVw==",
        "dependencies": {
          "Microsoft.Extensions.Configuration.Abstractions": "9.0.6"
        }
      },
      "Microsoft.Extensions.Configuration.CommandLine": {
        "type": "Transitive",
        "resolved": "9.0.6",
        "contentHash": "DC5I4Y1nK35jY4piDqQCzWjDXzT6ECMctBAxgAJoc6pn0k6uyxcDeOuVDRooFui/N65ptn9xT5mk9eO4mSTj/g==",
        "dependencies": {
          "Microsoft.Extensions.Configuration": "9.0.6",
          "Microsoft.Extensions.Configuration.Abstractions": "9.0.6"
        }
      },
      "Microsoft.Extensions.Configuration.EnvironmentVariables": {
        "type": "Transitive",
        "resolved": "9.0.6",
        "contentHash": "RGYG2JBak9lf2rIPiZUVmWjUqoxaHPy3XPhPsJyIQ8QqK47rKvJz7jxVYefTnYdM5LTEiGFBdC7v3+SiosvmkQ==",
        "dependencies": {
          "Microsoft.Extensions.Configuration": "9.0.6",
          "Microsoft.Extensions.Configuration.Abstractions": "9.0.6"
        }
      },
      "Microsoft.Extensions.Configuration.FileExtensions": {
        "type": "Transitive",
        "resolved": "9.0.6",
        "contentHash": "pCEueasI5JhJ24KYzMFxtG40zyLnWpcQYawpARh9FNq9XbWozuWgexmdkPa8p8YoVNlpi3ecKfcjfoRMkKAufw==",
        "dependencies": {
          "Microsoft.Extensions.Configuration": "9.0.6",
          "Microsoft.Extensions.Configuration.Abstractions": "9.0.6",
          "Microsoft.Extensions.FileProviders.Abstractions": "9.0.6",
          "Microsoft.Extensions.FileProviders.Physical": "9.0.6",
          "Microsoft.Extensions.Primitives": "9.0.6"
        }
      },
      "Microsoft.Extensions.Configuration.Json": {
        "type": "Transitive",
        "resolved": "9.0.6",
        "contentHash": "N0dgOYQ9tDzJouL9Tyx2dgMCcHV2pBaY8yVtorbDqYYwiDRS2zd1TbhTA2FMHqXF3SMjBoO+gONZcDoA79gdSA==",
        "dependencies": {
          "Microsoft.Extensions.Configuration": "9.0.6",
          "Microsoft.Extensions.Configuration.Abstractions": "9.0.6",
          "Microsoft.Extensions.Configuration.FileExtensions": "9.0.6",
          "Microsoft.Extensions.FileProviders.Abstractions": "9.0.6",
          "System.Text.Json": "9.0.6"
        }
      },
      "Microsoft.Extensions.Configuration.UserSecrets": {
        "type": "Transitive",
        "resolved": "9.0.6",
        "contentHash": "0ZZMzdvNwIS0f09S0IcaEbKFm+Xc41vRROsA/soeKEpzRISTDdiVwGlzdldbXEsuPjNVvNHyvIP8YW2hfIig0w==",
        "dependencies": {
          "Microsoft.Extensions.Configuration.Abstractions": "9.0.6",
          "Microsoft.Extensions.Configuration.Json": "9.0.6",
          "Microsoft.Extensions.FileProviders.Abstractions": "9.0.6",
          "Microsoft.Extensions.FileProviders.Physical": "9.0.6"
        }
      },
      "Microsoft.Extensions.DependencyInjection": {
        "type": "Transitive",
        "resolved": "9.0.6",
        "contentHash": "vS65HMo5RS10DD543fknsyVDxihMcVxVn3/hNaILgBxWYnOLxWIeCIO9X0QFuCvPRNjClvXe9Aj8KaQNx7vFkQ==",
        "dependencies": {
          "Microsoft.Extensions.DependencyInjection.Abstractions": "9.0.6"
        }
      },
      "Microsoft.Extensions.DependencyInjection.Abstractions": {
        "type": "Transitive",
        "resolved": "9.0.6",
        "contentHash": "0Zn6nR/6g+90MxskZyOOMPQvnPnrrGu6bytPwkV+azDcTtCSuQ1+GJUrg8Klmnrjk1i6zMpw2lXijl+tw7Q3kA=="
      },
      "Microsoft.Extensions.DependencyModel": {
        "type": "Transitive",
        "resolved": "9.0.6",
        "contentHash": "grVU1ixgMHp+kuhIgvEzhE73jXRY6XmxNBPWrotmbjB9AvJvkwHnIzm1JlOsPpyixFgnzreh/bFBMJAjveX+fQ==",
        "dependencies": {
          "System.Text.Encodings.Web": "9.0.6",
          "System.Text.Json": "9.0.6"
        }
      },
      "Microsoft.Extensions.Diagnostics": {
        "type": "Transitive",
        "resolved": "9.0.6",
        "contentHash": "mIqCzZseDK9SqTRy4LxtjLwjlUu6aH5UdA6j0vgVER14yki9oRqLF+SmBiF6OlwsBSeL6dMQ8dmq02JMeE2puQ==",
        "dependencies": {
          "Microsoft.Extensions.Configuration": "9.0.6",
          "Microsoft.Extensions.Diagnostics.Abstractions": "9.0.6",
          "Microsoft.Extensions.Options.ConfigurationExtensions": "9.0.6"
        }
      },
      "Microsoft.Extensions.Diagnostics.Abstractions": {
        "type": "Transitive",
        "resolved": "9.0.6",
        "contentHash": "GIoXX7VDcTEsNM6yvffTBaOwnPQELGI5dzExR7L2O7AUkDsHBYIZawUbuwfq3cYzz8dIAAJotQYJMzH7qy27Ng==",
        "dependencies": {
          "Microsoft.Extensions.DependencyInjection.Abstractions": "9.0.6",
          "Microsoft.Extensions.Options": "9.0.6",
          "System.Diagnostics.DiagnosticSource": "9.0.6"
        }
      },
      "Microsoft.Extensions.FileProviders.Abstractions": {
        "type": "Transitive",
        "resolved": "9.0.6",
        "contentHash": "q9FPkSGVA9ipI255p3PBAvWNXas5Tzjyp/DwYSwT+46mIFw9fWZahsF6vHpoxLt5/vtANotH2sAm7HunuFIx9g==",
        "dependencies": {
          "Microsoft.Extensions.Primitives": "9.0.6"
        }
      },
      "Microsoft.Extensions.FileProviders.Physical": {
        "type": "Transitive",
        "resolved": "9.0.6",
        "contentHash": "l+dFA0NRl90vSIiJNy5d7V0kpTEOWHTqbgoWYzlTwF5uiM5sWJ953haaELKE05jkyJdnemVTnqjrlgo4wo7oyg==",
        "dependencies": {
          "Microsoft.Extensions.FileProviders.Abstractions": "9.0.6",
          "Microsoft.Extensions.FileSystemGlobbing": "9.0.6",
          "Microsoft.Extensions.Primitives": "9.0.6"
        }
      },
      "Microsoft.Extensions.FileSystemGlobbing": {
        "type": "Transitive",
        "resolved": "9.0.6",
        "contentHash": "1HJCAbwukNEoYbHgHbKHmenU0V/0huw8+i7Qtf5rLUG1E+3kEwRJQxpwD3wbTEagIgPSQisNgJTvmUX9yYVc6g=="
      },
      "Microsoft.Extensions.Hosting": {
        "type": "Transitive",
        "resolved": "9.0.6",
        "contentHash": "Iu1UyXUnjMhoOwThKM0kCyjgWqqQnuujsbPMnF44ITUbmETT7RAVlozNgev2L/damwNoPZKpmwArRKBy2IOAZg==",
        "dependencies": {
          "Microsoft.Extensions.Configuration": "9.0.6",
          "Microsoft.Extensions.Configuration.Abstractions": "9.0.6",
          "Microsoft.Extensions.Configuration.Binder": "9.0.6",
          "Microsoft.Extensions.Configuration.CommandLine": "9.0.6",
          "Microsoft.Extensions.Configuration.EnvironmentVariables": "9.0.6",
          "Microsoft.Extensions.Configuration.FileExtensions": "9.0.6",
          "Microsoft.Extensions.Configuration.Json": "9.0.6",
          "Microsoft.Extensions.Configuration.UserSecrets": "9.0.6",
          "Microsoft.Extensions.DependencyInjection": "9.0.6",
          "Microsoft.Extensions.DependencyInjection.Abstractions": "9.0.6",
          "Microsoft.Extensions.Diagnostics": "9.0.6",
          "Microsoft.Extensions.FileProviders.Abstractions": "9.0.6",
          "Microsoft.Extensions.FileProviders.Physical": "9.0.6",
          "Microsoft.Extensions.Hosting.Abstractions": "9.0.6",
          "Microsoft.Extensions.Logging": "9.0.6",
          "Microsoft.Extensions.Logging.Abstractions": "9.0.6",
          "Microsoft.Extensions.Logging.Configuration": "9.0.6",
          "Microsoft.Extensions.Logging.Console": "9.0.6",
          "Microsoft.Extensions.Logging.Debug": "9.0.6",
          "Microsoft.Extensions.Logging.EventLog": "9.0.6",
          "Microsoft.Extensions.Logging.EventSource": "9.0.6",
          "Microsoft.Extensions.Options": "9.0.6"
        }
      },
      "Microsoft.Extensions.Hosting.Abstractions": {
        "type": "Transitive",
        "resolved": "9.0.6",
        "contentHash": "G9T95JbcG/wQpeVIzg0IMwxI+uTywDmbxWUWN2P0mdna35rmuTqgTrZ4SU5rcfUT3EJfbI9N4K8UyCAAc6QK8Q==",
        "dependencies": {
          "Microsoft.Extensions.Configuration.Abstractions": "9.0.6",
          "Microsoft.Extensions.DependencyInjection.Abstractions": "9.0.6",
          "Microsoft.Extensions.Diagnostics.Abstractions": "9.0.6",
          "Microsoft.Extensions.FileProviders.Abstractions": "9.0.6",
          "Microsoft.Extensions.Logging.Abstractions": "9.0.6"
        }
      },
      "Microsoft.Extensions.Logging": {
        "type": "Transitive",
        "resolved": "9.0.6",
        "contentHash": "XBzjitTFaQhF8EbJ645vblZezV1p52ePTxKHoVkRidHF11Xkjxg94qr0Rvp2qyxK2vBJ4OIZ41NB15YUyxTGMQ==",
        "dependencies": {
          "Microsoft.Extensions.DependencyInjection": "9.0.6",
          "Microsoft.Extensions.Logging.Abstractions": "9.0.6",
          "Microsoft.Extensions.Options": "9.0.6"
        }
      },
      "Microsoft.Extensions.Logging.Abstractions": {
        "type": "Transitive",
        "resolved": "9.0.6",
        "contentHash": "LFnyBNK7WtFmKdnHu3v0HOYQ8BcjYuy0jdC9pgCJ/rbLKoJEG9/dBzSKMEeeWDbDeoWS0TIxOC8a9CM5ufca3A==",
        "dependencies": {
          "Microsoft.Extensions.DependencyInjection.Abstractions": "9.0.6",
          "System.Diagnostics.DiagnosticSource": "9.0.6"
        }
      },
      "Microsoft.Extensions.Logging.Configuration": {
        "type": "Transitive",
        "resolved": "9.0.6",
        "contentHash": "lCgpxE5r6v43SB40/yUVnSWZUUqUZF5iUWizhkx4gqvq0L0rMw5g8adWKGO7sfIaSbCiU0et85sDQWswhLcceg==",
        "dependencies": {
          "Microsoft.Extensions.Configuration": "9.0.6",
          "Microsoft.Extensions.Configuration.Abstractions": "9.0.6",
          "Microsoft.Extensions.Configuration.Binder": "9.0.6",
          "Microsoft.Extensions.DependencyInjection.Abstractions": "9.0.6",
          "Microsoft.Extensions.Logging": "9.0.6",
          "Microsoft.Extensions.Logging.Abstractions": "9.0.6",
          "Microsoft.Extensions.Options": "9.0.6",
          "Microsoft.Extensions.Options.ConfigurationExtensions": "9.0.6"
        }
      },
      "Microsoft.Extensions.Logging.Console": {
        "type": "Transitive",
        "resolved": "9.0.6",
        "contentHash": "L1O0M3MrqGlkrPYMLzcCphQpCG0lSHfTSPrm1otALNBzTPiO8rxxkjhBIIa2onKv92UP30Y4QaiigVMTx8YcxQ==",
        "dependencies": {
          "Microsoft.Extensions.DependencyInjection.Abstractions": "9.0.6",
          "Microsoft.Extensions.Logging": "9.0.6",
          "Microsoft.Extensions.Logging.Abstractions": "9.0.6",
          "Microsoft.Extensions.Logging.Configuration": "9.0.6",
          "Microsoft.Extensions.Options": "9.0.6",
          "System.Text.Json": "9.0.6"
        }
      },
      "Microsoft.Extensions.Logging.Debug": {
        "type": "Transitive",
        "resolved": "9.0.6",
        "contentHash": "u21euQdOjaEwmlnnB1Zd4XGqOmWI8FkoGeUleV7n4BZ8HPQC/jrYzX/B5Cz3uI/FXjd//W88clPfkGIbSif7Jw==",
        "dependencies": {
          "Microsoft.Extensions.DependencyInjection.Abstractions": "9.0.6",
          "Microsoft.Extensions.Logging": "9.0.6",
          "Microsoft.Extensions.Logging.Abstractions": "9.0.6"
        }
      },
      "Microsoft.Extensions.Logging.EventLog": {
        "type": "Transitive",
        "resolved": "9.0.6",
        "contentHash": "IyyGy7xNJAjdlFYXc7SZ7kS3CWd3Ma4hing9QGtzXi+LXm8RWCEXdKA1cPx5AeFmdg3rVG+ADGIn44K14O+vFA==",
        "dependencies": {
          "Microsoft.Extensions.DependencyInjection.Abstractions": "9.0.6",
          "Microsoft.Extensions.Logging": "9.0.6",
          "Microsoft.Extensions.Logging.Abstractions": "9.0.6",
          "Microsoft.Extensions.Options": "9.0.6",
          "System.Diagnostics.EventLog": "9.0.6"
        }
      },
      "Microsoft.Extensions.Logging.EventSource": {
        "type": "Transitive",
        "resolved": "9.0.6",
        "contentHash": "ayCRr/8ON3aINH81ak9l3vLAF/0pV/xrfChCbIlT2YnHAd4TYBWLcWhzbJWwPFV4XmJFrx/z8oq+gZzIc/74OA==",
        "dependencies": {
          "Microsoft.Extensions.DependencyInjection.Abstractions": "9.0.6",
          "Microsoft.Extensions.Logging": "9.0.6",
          "Microsoft.Extensions.Logging.Abstractions": "9.0.6",
          "Microsoft.Extensions.Options": "9.0.6",
          "Microsoft.Extensions.Primitives": "9.0.6",
          "System.Text.Json": "9.0.6"
        }
      },
      "Microsoft.Extensions.Options": {
        "type": "Transitive",
        "resolved": "9.0.6",
        "contentHash": "wUPhNM1zsI58Dy10xRdF2+pnsisiUuETg5ZBncyAEEUm/CQ9Q1vmivyUWH8RDbAlqyixf2dJNQ2XZb7HsKUEQw==",
        "dependencies": {
          "Microsoft.Extensions.DependencyInjection.Abstractions": "9.0.6",
          "Microsoft.Extensions.Primitives": "9.0.6"
        }
      },
      "Microsoft.Extensions.Options.ConfigurationExtensions": {
        "type": "Transitive",
        "resolved": "9.0.6",
        "contentHash": "2lnp8nrvfzyp+5zvfeULm/hkZsDsKkl2ziBt5T8EZKoON5q+XRpRLoWcSPo8mP7GNZXpxKMBVjFNIZNbBIcnRw==",
        "dependencies": {
          "Microsoft.Extensions.Configuration.Abstractions": "9.0.6",
          "Microsoft.Extensions.Configuration.Binder": "9.0.6",
          "Microsoft.Extensions.DependencyInjection.Abstractions": "9.0.6",
          "Microsoft.Extensions.Options": "9.0.6",
          "Microsoft.Extensions.Primitives": "9.0.6"
        }
      },
      "Microsoft.Extensions.Primitives": {
        "type": "Transitive",
        "resolved": "9.0.6",
        "contentHash": "BHniU24QV67qp1pJknqYSofAPYGmijGI8D+ci9yfw33iuFdyOeB9lWTg78ThyYLyQwZw3s0vZ36VMb0MqbUuLw=="
      },
      "Microsoft.Xaml.Behaviors.Wpf": {
        "type": "Transitive",
        "resolved": "1.1.39",
        "contentHash": "8PZKqw9QOcu42xk8puY4P1+EXHL9YGOR9b7qhaYx5cILHul456H073tj99vyPcCt0W0781T9RwHqkx507ZyUpQ=="
      },
      "Polly": {
        "type": "Transitive",
        "resolved": "8.6.1",
        "contentHash": "UMYpEiKPQhbiQY1NXKL0hssUMETjuv7RGZx2VlcrlaIL7bIs2vs7iBfH2gblcR5Q7ockW3Kc78uTY6kK/ZeYgg==",
        "dependencies": {
          "Polly.Core": "8.6.1"
        }
      },
      "Polly.Core": {
        "type": "Transitive",
        "resolved": "8.6.1",
        "contentHash": "HvkxFqEGk0NiLHYBescE/AnVu6W+ZqE0S7JkdXhvnJ2P2zRh8OPMDrFIjXPiIWugWIoxVeBHt45a6Cr61+asXw=="
      },
      "ReactiveUI": {
        "type": "Transitive",
        "resolved": "20.4.1",
        "contentHash": "HMgCWEya3zMfFfrvmYz4Ec87acq+9mo92pLfNZ3GLbUFZeI6TBc2aTPg3UT+1AjPtwfacJJeh7wCwz0y9wabpg==",
        "dependencies": {
          "DynamicData": "9.4.1",
          "Splat": "15.3.1",
          "System.ComponentModel.Annotations": "5.0.0"
        }
      },
      "Riok.Mapperly": {
        "type": "Transitive",
        "resolved": "4.2.1",
        "contentHash": "UZeQSieVlHr48t64J4k2s/lvbMeCXvzsXqV2A/0wyNdPpW8Cyn47+9mfWFJjouPxoSFfEhDbxg+WRbFIHvq4Zw=="
      },
      "Selenium.Support": {
        "type": "Transitive",
        "resolved": "4.34.0",
        "contentHash": "+GROvBcro1ayU9PlGu4Q6xGyRk+wlbwGrmL3lZqm+s6T+NVs0Fmp2r8t6DvKMY/ZaDh9svkvxqN808+EnFPhDw==",
        "dependencies": {
          "Selenium.WebDriver": "4.34.0"
        }
      },
      "Selenium.WebDriver": {
        "type": "Transitive",
        "resolved": "4.34.0",
        "contentHash": "uNx+GF7WugHDPV2zpGDPlbSn3STQ6n0xFskFSeJdhEuuUTkIDfAsYnjVUiQidWDpy7mKzTz53ae7Thjghl3dng=="
      },
      "Serilog": {
        "type": "Transitive",
        "resolved": "4.3.0",
        "contentHash": "+cDryFR0GRhsGOnZSKwaDzRRl4MupvJ42FhCE4zhQRVanX0Jpg6WuCBk59OVhVDPmab1bB+nRykAnykYELA9qQ=="
      },
      "Serilog.Expressions": {
        "type": "Transitive",
        "resolved": "5.0.0",
        "contentHash": "QhZjXtUcA2QfQRA60m+DfyIfidKsQV7HBstbYEDqzJKMbJH/KnKthkkjciRuYrmFE+scWv1JibC5LlXrdtOUmw==",
        "dependencies": {
          "Serilog": "4.0.0"
        }
      },
      "Serilog.Extensions.Hosting": {
        "type": "Transitive",
        "resolved": "9.0.0",
        "contentHash": "u2TRxuxbjvTAldQn7uaAwePkWxTHIqlgjelekBtilAGL5sYyF3+65NWctN4UrwwGLsDC7c3Vz3HnOlu+PcoxXg==",
        "dependencies": {
          "Microsoft.Extensions.DependencyInjection.Abstractions": "9.0.0",
          "Microsoft.Extensions.Hosting.Abstractions": "9.0.0",
          "Microsoft.Extensions.Logging.Abstractions": "9.0.0",
          "Serilog": "4.2.0",
          "Serilog.Extensions.Logging": "9.0.0"
        }
      },
      "Serilog.Extensions.Logging": {
        "type": "Transitive",
        "resolved": "9.0.0",
        "contentHash": "NwSSYqPJeKNzl5AuXVHpGbr6PkZJFlNa14CdIebVjK3k/76kYj/mz5kiTRNVSsSaxM8kAIa1kpy/qyT9E4npRQ==",
        "dependencies": {
          "Microsoft.Extensions.Logging": "9.0.0",
          "Serilog": "4.2.0"
        }
      },
      "Serilog.Sinks.File": {
        "type": "Transitive",
        "resolved": "7.0.0",
        "contentHash": "fKL7mXv7qaiNBUC71ssvn/dU0k9t0o45+qm2XgKAlSt19xF+ijjxyA3R6HmCgfKEKwfcfkwWjayuQtRueZFkYw==",
        "dependencies": {
          "Serilog": "4.2.0"
        }
      },
      "Serilog.Sinks.Map": {
        "type": "Transitive",
        "resolved": "2.0.0",
        "contentHash": "bpfOs8W9r5AwZ65/7IHGDI8eBdd8FgUbLd8aCmaMNN4ZSkcHfXGUnPL+PO/wpGJzw/XQNMLx8tro5H7xf2uL1A==",
        "dependencies": {
          "Serilog": "4.0.0"
        }
      },
      "Splat": {
        "type": "Transitive",
        "resolved": "15.4.1",
        "contentHash": "nWDquiKJAJ+H3O5/kzUfVKaFZ2iS4K9GkOrqw8SGCm28wMLWWP82bq5sWuFZq/p4IgwqpS8u2ZhClUPY4OoF+w=="
      },
      "Splat.Drawing": {
        "type": "Transitive",
        "resolved": "15.4.1",
        "contentHash": "7iw929LmnXruYFfV5kEs5/6AgTj/3ZJH1U5ND49bqijImz6+RGkfLNpcDVKXe/fquVOfVrc8ib/egRRcLhuZAQ==",
        "dependencies": {
          "Splat": "15.4.1"
        }
      },
      "Splat.Microsoft.Extensions.DependencyInjection": {
        "type": "Transitive",
        "resolved": "15.4.1",
        "contentHash": "9Bi2sQ+ImWjJyWTRlKaJ3tkpYeYwl95k/Pas1H9qUv3od/opsutBldndoWNGaImbdZ6F2sbsQr9ZXMUAzVffQQ==",
        "dependencies": {
          "Microsoft.Extensions.DependencyInjection": "9.0.6",
          "Splat": "15.4.1"
        }
      },
      "SQLitePCLRaw.bundle_e_sqlite3": {
        "type": "Transitive",
        "resolved": "2.1.10",
        "contentHash": "UxWuisvZ3uVcVOLJQv7urM/JiQH+v3TmaJc1BLKl5Dxfm/nTzTUrqswCqg/INiYLi61AXnHo1M1JPmPqqLnAdg==",
        "dependencies": {
          "SQLitePCLRaw.lib.e_sqlite3": "2.1.10",
          "SQLitePCLRaw.provider.e_sqlite3": "2.1.10"
        }
      },
      "SQLitePCLRaw.core": {
        "type": "Transitive",
        "resolved": "2.1.10",
        "contentHash": "Ii8JCbC7oiVclaE/mbDEK000EFIJ+ShRPwAvvV89GOZhQ+ZLtlnSWl6ksCNMKu/VGXA4Nfi2B7LhN/QFN9oBcw==",
        "dependencies": {
          "System.Memory": "4.5.3"
        }
      },
      "SQLitePCLRaw.lib.e_sqlite3": {
        "type": "Transitive",
        "resolved": "2.1.10",
        "contentHash": "mAr69tDbnf3QJpRy2nJz8Qdpebdil00fvycyByR58Cn9eARvR+UiG2Vzsp+4q1tV3ikwiYIjlXCQFc12GfebbA=="
      },
      "SQLitePCLRaw.provider.e_sqlite3": {
        "type": "Transitive",
        "resolved": "2.1.10",
        "contentHash": "uZVTi02C1SxqzgT0HqTWatIbWGb40iIkfc3FpFCpE/r7g6K0PqzDUeefL6P6HPhDtc6BacN3yQysfzP7ks+wSQ==",
        "dependencies": {
          "SQLitePCLRaw.core": "2.1.10"
        }
      },
      "System.ComponentModel.Annotations": {
        "type": "Transitive",
        "resolved": "5.0.0",
        "contentHash": "dMkqfy2el8A8/I76n2Hi1oBFEbG1SfxD2l5nhwXV3XjlnOmwxJlQbYpJH4W51odnU9sARCSAgv7S3CyAFMkpYg=="
      },
      "System.Diagnostics.DiagnosticSource": {
        "type": "Transitive",
        "resolved": "9.0.6",
        "contentHash": "nikkwAKqpwWUvV5J8S9fnOPYg8k75Lf9fAI4bd6pyhyqNma0Py9kt+zcqXbe4TjJ4sTPcdYpPg81shYTrXnUZQ=="
      },
      "System.Diagnostics.EventLog": {
        "type": "Transitive",
        "resolved": "9.0.6",
        "contentHash": "lum+Dv+8S4gqN5H1C576UcQe0M2buoRjEUVs4TctXRSWjBH3ay3w2KyQrOo1yPdRs1I+xK69STz+4mjIisFI5w=="
      },
      "System.IO.Pipelines": {
        "type": "Transitive",
        "resolved": "9.0.6",
        "contentHash": "0nlr0reXrRmkZNKifKqh2DgGhQgfkT7Qa3gQxIn/JI7/y3WDiTz67M+Sq3vFhUqcG8O5zVrpqHvIHeGPGUBsEw=="
      },
      "System.Memory": {
        "type": "Transitive",
        "resolved": "4.5.3",
        "contentHash": "3oDzvc/zzetpTKWMShs1AADwZjQ/36HnsufHRPcOjyRAAMLDlu2iD33MBI2opxnezcVUtXyqDXXjoFMOU9c7SA=="
      },
      "System.Reactive": {
        "type": "Transitive",
        "resolved": "6.0.1",
        "contentHash": "rHaWtKDwCi9qJ3ObKo8LHPMuuwv33YbmQi7TcUK1C264V3MFnOr5Im7QgCTdLniztP3GJyeiSg5x8NqYJFqRmg=="
      },
      "System.Text.Encodings.Web": {
        "type": "Transitive",
        "resolved": "9.0.6",
        "contentHash": "uWRgViw2yJAUyGxrzDLCc6fkzE2dZIoXxs8V6YjCujKsJuP0pnpYSlbm2/7tKd0SjBnMtwfDQhLenk3bXonVOA=="
      },
      "System.Text.Json": {
        "type": "Transitive",
        "resolved": "9.0.6",
        "contentHash": "h+ZtYTyTnTh5Ju6mHCKb3FPGx4ylJZgm9W7Y2psUnkhQRPMOIxX+TCN0ZgaR/+Yea+93XHWAaMzYTar1/EHIPg==",
        "dependencies": {
          "System.IO.Pipelines": "9.0.6",
          "System.Text.Encodings.Web": "9.0.6"
        }
      },
      "System.Threading.Tasks.Extensions": {
        "type": "Transitive",
        "resolved": "4.5.4",
        "contentHash": "zteT+G8xuGu6mS+mzDzYXbzS7rd3K6Fjb9RiZlYlJPam2/hU7JCBZBVEcywNuR+oZ1ncTvc/cq0faRr3P01OVg=="
      },
      "maincore": {
        "type": "Project",
        "dependencies": {
          "Ardalis.Specification.EntityFrameworkCore": "[9.2.0, )",
          "CP.Extensions.Hosting.SingleInstance": "[2.1.13, )",
          "FluentResults": "[4.0.0, )",
          "FluentValidation": "[12.0.0, )",
          "FluentValidation.DependencyInjectionExtensions": "[12.0.0, )",
          "HtmlAgilityPack": "[1.12.1, )",
          "Humanizer.Core": "[2.14.1, )",
          "Immediate.Handlers": "[2.2.0, )",
          "Injectio": "[5.0.0, )",
          "Microsoft.EntityFrameworkCore.Sqlite": "[9.0.6, )",
          "Microsoft.Extensions.Hosting": "[9.0.6, )",
          "Polly": "[8.6.1, )",
          "ReactiveUI": "[20.4.1, )",
          "Riok.Mapperly": "[4.2.1, )",
          "Selenium.Support": "[4.34.0, )",
          "Selenium.WebDriver": "[4.34.0, )",
          "Serilog": "[4.3.0, )",
          "Serilog.Expressions": "[5.0.0, )",
          "Serilog.Extensions.Hosting": "[9.0.0, )",
          "Serilog.Sinks.File": "[7.0.0, )",
          "Serilog.Sinks.Map": "[2.0.0, )",
          "Splat": "[15.4.1, )",
          "Splat.Drawing": "[15.4.1, )",
          "Splat.Microsoft.Extensions.DependencyInjection": "[15.4.1, )"
        }
      }
    },
    "net8.0-windows10.0.19041/win-x64": {
      "SQLitePCLRaw.lib.e_sqlite3": {
        "type": "Transitive",
        "resolved": "2.1.10",
        "contentHash": "mAr69tDbnf3QJpRy2nJz8Qdpebdil00fvycyByR58Cn9eARvR+UiG2Vzsp+4q1tV3ikwiYIjlXCQFc12GfebbA=="
      },
      "System.Diagnostics.EventLog": {
        "type": "Transitive",
        "resolved": "9.0.6",
        "contentHash": "lum+Dv+8S4gqN5H1C576UcQe0M2buoRjEUVs4TctXRSWjBH3ay3w2KyQrOo1yPdRs1I+xK69STz+4mjIisFI5w=="
      },
      "System.Text.Encodings.Web": {
        "type": "Transitive",
        "resolved": "9.0.6",
        "contentHash": "uWRgViw2yJAUyGxrzDLCc6fkzE2dZIoXxs8V6YjCujKsJuP0pnpYSlbm2/7tKd0SjBnMtwfDQhLenk3bXonVOA=="
      }
    }
  }
}