{
  "version": 1,
  "dependencies": {
    "net8.0-windows10.0.19041": {
      "MaterialDesignThemes": {
        "type": "Direct",
        "requested": "[5.1.0, )",
        "resolved": "5.1.0",
        "contentHash": "k5lO0NqhExrCLnFWnapI+a2XvOOm/Mwz92GwUq4CvNrahMMPx9puALE8VJlLNeNxUYjWf2+PAKPGpmr1u1QDfg==",
        "dependencies": {
          "MaterialDesignColors": "3.1.0",
          "Microsoft.Xaml.Behaviors.Wpf": "1.1.39"
        }
      },
      "ReactiveUI.WPF": {
        "type": "Direct",
        "requested": "[20.2.45, )",
        "resolved": "20.2.45",
        "contentHash": "B5/q8Ewhdw1rH7z/+xRCpEgzDnqEQG5s4FiG1Cj0oU8/oUSOE3I0j86INVbEgzA66gWFWgryMONnrpmrz3PnBw==",
        "dependencies": {
          "DynamicData": "9.1.2",
          "ReactiveUI": "20.2.45",
          "Splat": "15.3.1",
          "System.ComponentModel.Annotations": "5.0.0",
          "System.Text.Json": "9.0.2"
        }
      },
      "DynamicData": {
        "type": "Transitive",
        "resolved": "9.1.2",
        "contentHash": "KMomv26cewTHkHENVKEajxM4EaFJw6fwXGsrdlncq5cdJGnWBHYMTRMuu7y2vbbyb8/VdxkYHlDwZa8mupDrww==",
        "dependencies": {
          "System.Reactive": "6.0.1"
        }
      },
      "FluentResults": {
        "type": "Transitive",
        "resolved": "3.16.0",
        "contentHash": "VWacGzOyN9k7LOKqiNLnFvqTDLbFvepHlINdM3pPTD0YWI+a+VW/Q9gcx4gmJDpDZ32cAsczz5vmRjLCL5UOhA==",
        "dependencies": {
          "Microsoft.Extensions.Logging.Abstractions": "2.1.1",
          "System.Threading.Tasks.Extensions": "4.5.4"
        }
      },
      "FluentValidation": {
        "type": "Transitive",
        "resolved": "12.0.0",
        "contentHash": "8NVLxtMUXynRHJIX3Hn1ACovaqZIJASufXIIFkD0EUbcd5PmMsL1xUD5h548gCezJ5BzlITaR9CAMrGe29aWpA=="
      },
      "FluentValidation.DependencyInjectionExtensions": {
        "type": "Transitive",
        "resolved": "12.0.0",
        "contentHash": "B28fBRL1UjhGsBC8fwV6YBZosh+SiU1FxdD7l7p5dGPgRlVI7UnM+Lgzmg+unZtV1Zxzpaw96UY2MYfMaAd8cg==",
        "dependencies": {
          "FluentValidation": "12.0.0",
          "Microsoft.Extensions.Dependencyinjection.Abstractions": "2.1.0"
        }
      },
      "HtmlAgilityPack": {
        "type": "Transitive",
        "resolved": "1.12.1",
        "contentHash": "SP6/2Y26CXtxjXn0Wwsom9Ek35SNWKHEu/IWhNEFejBSSVWWXPRSlpqpBSYWv1SQhYFnwMO01xVbEdK3iRR4hg=="
      },
      "Humanizer.Core": {
        "type": "Transitive",
        "resolved": "2.14.1",
        "contentHash": "lQKvtaTDOXnoVJ20ibTuSIOf2i0uO0MPbDhd1jm238I+U/2ZnRENj0cktKZhtchBMtCUSRQ5v4xBCUbKNmyVMw=="
      },
      "Immediate.Handlers": {
        "type": "Transitive",
        "resolved": "2.1.0",
        "contentHash": "2Aix3jopyQWWKQ/nFqtQMG/SvEdZlu9CU39HmWuemZHHSW1kfWwnUgUivqcV3NzrhudZ4SIh+7bZxSNOMI96DA=="
      },
      "Injectio": {
        "type": "Transitive",
        "resolved": "5.0.0",
        "contentHash": "vobNqxNLUSri8ESae2FSzPuuwJGsQ1s1IAhCE/Orxq+uyvoW91dS+GP4EX5hRRFuu2QXIaSgVzrMb0AgFjfIQg==",
        "dependencies": {
          "Microsoft.Extensions.DependencyInjection": "9.0.4"
        }
      },
      "MaterialDesignColors": {
        "type": "Transitive",
        "resolved": "3.1.0",
        "contentHash": "J2mpZBWx0wArrMCK8E0Cqfsy+Wh3iRDVnznp5/84B1KcnTKI9u9Pyt2zN0oSQGsa6NhvwdUErbhE3jJd6iRTxw=="
      },
      "Microsoft.Data.Sqlite.Core": {
        "type": "Transitive",
        "resolved": "8.0.15",
        "contentHash": "IucTvSRBA+yAxTd/Y2kIfEXKAYedg3FsNyu6IDU0EFGZyfhCssDlR835VlTKkiDGDhC5cVxI3/+p2cITNdpzTQ==",
        "dependencies": {
          "SQLitePCLRaw.core": "2.1.6"
        }
      },
      "Microsoft.EntityFrameworkCore": {
        "type": "Transitive",
        "resolved": "8.0.15",
        "contentHash": "v6gDYdi2j+BbUHzl5sb835mefpFlSCsQOOsn/xjky45kFA9Xrc2hjVa0yQGVLc2J7+fQDqoHWRD5c+RHU3klSQ==",
        "dependencies": {
          "Microsoft.EntityFrameworkCore.Abstractions": "8.0.15",
          "Microsoft.EntityFrameworkCore.Analyzers": "8.0.15",
          "Microsoft.Extensions.Caching.Memory": "8.0.1",
          "Microsoft.Extensions.Logging": "8.0.1"
        }
      },
      "Microsoft.EntityFrameworkCore.Abstractions": {
        "type": "Transitive",
        "resolved": "8.0.15",
        "contentHash": "wzBUYqfNTyclVaVo6we4Vo0GsfNSmHHJPn3SF4gEsR+e5QZ4r5Ck5Y9oRcEoeqxS+eFPvJzWN6xpTbwCCoWPnw=="
      },
      "Microsoft.EntityFrameworkCore.Analyzers": {
        "type": "Transitive",
        "resolved": "8.0.15",
        "contentHash": "viyTqFw09xwhynmvYggUu48R0Y6WEU2dDKBKm7WwozDH5t1K7+RS9P+iXGe5uUNJstTH/STd2AMFKpT9GaX4OQ=="
      },
      "Microsoft.EntityFrameworkCore.Relational": {
        "type": "Transitive",
        "resolved": "8.0.15",
        "contentHash": "rOge9UqPepLr4fDSbAjH+gMl4TwK7byKgUy66vgsjlwl11n/+MjbYZAYqfrD8mpGDwJ6Nzv2LIIK2fBHDqA+CQ==",
        "dependencies": {
          "Microsoft.EntityFrameworkCore": "8.0.15",
          "Microsoft.Extensions.Configuration.Abstractions": "8.0.0"
        }
      },
      "Microsoft.EntityFrameworkCore.Sqlite": {
        "type": "Transitive",
        "resolved": "8.0.15",
        "contentHash": "jgpXuRB1v5a7/9ojjMTKtMQnoTzz4HHGR4IjtZVUYYMBNNxuhyw5WpAwgjG0edKOfszc+a98zGUVUrcCEZGiDA==",
        "dependencies": {
          "Microsoft.EntityFrameworkCore.Sqlite.Core": "8.0.15",
          "SQLitePCLRaw.bundle_e_sqlite3": "2.1.6"
        }
      },
      "Microsoft.EntityFrameworkCore.Sqlite.Core": {
        "type": "Transitive",
        "resolved": "8.0.15",
        "contentHash": "o7MT+uS44blhexi3hkoC7jh7O/TwmWrhB0tyty460DohKtaIkSwk9ClUPLfHIRj1FNF+amoqjyXStKh/XAXFaA==",
        "dependencies": {
          "Microsoft.Data.Sqlite.Core": "8.0.15",
          "Microsoft.EntityFrameworkCore.Relational": "8.0.15",
          "Microsoft.Extensions.DependencyModel": "8.0.2"
        }
      },
      "Microsoft.Extensions.Caching.Abstractions": {
        "type": "Transitive",
        "resolved": "8.0.0",
        "contentHash": "3KuSxeHoNYdxVYfg2IRZCThcrlJ1XJqIXkAWikCsbm5C/bCjv7G0WoKDyuR98Q+T607QT2Zl5GsbGRkENcV2yQ==",
        "dependencies": {
          "Microsoft.Extensions.Primitives": "8.0.0"
        }
      },
      "Microsoft.Extensions.Caching.Memory": {
        "type": "Transitive",
        "resolved": "8.0.1",
        "contentHash": "HFDnhYLccngrzyGgHkjEDU5FMLn4MpOsr5ElgsBMC4yx6lJh4jeWO7fHS8+TXPq+dgxCmUa/Trl8svObmwW4QA==",
        "dependencies": {
          "Microsoft.Extensions.Caching.Abstractions": "8.0.0",
          "Microsoft.Extensions.DependencyInjection.Abstractions": "8.0.2",
          "Microsoft.Extensions.Logging.Abstractions": "8.0.2",
          "Microsoft.Extensions.Options": "8.0.2",
          "Microsoft.Extensions.Primitives": "8.0.0"
        }
      },
      "Microsoft.Extensions.Configuration": {
        "type": "Transitive",
        "resolved": "8.0.0",
        "contentHash": "0J/9YNXTMWSZP2p2+nvl8p71zpSwokZXZuJW+VjdErkegAnFdO1XlqtA62SJtgVYHdKu3uPxJHcMR/r35HwFBA==",
        "dependencies": {
          "Microsoft.Extensions.Configuration.Abstractions": "8.0.0",
          "Microsoft.Extensions.Primitives": "8.0.0"
        }
      },
      "Microsoft.Extensions.Configuration.Abstractions": {
        "type": "Transitive",
        "resolved": "9.0.0",
        "contentHash": "lqvd7W3FGKUO1+ZoUEMaZ5XDJeWvjpy2/M/ptCGz3tXLD4HWVaSzjufsAsjemasBEg+2SxXVtYVvGt5r2nKDlg==",
        "dependencies": {
          "Microsoft.Extensions.Primitives": "9.0.0"
        }
      },
      "Microsoft.Extensions.Configuration.Binder": {
        "type": "Transitive",
        "resolved": "8.0.2",
        "contentHash": "7IQhGK+wjyGrNsPBjJcZwWAr+Wf6D4+TwOptUt77bWtgNkiV8tDEbhFS+dDamtQFZ2X7kWG9m71iZQRj2x3zgQ==",
        "dependencies": {
          "Microsoft.Extensions.Configuration.Abstractions": "8.0.0"
        }
      },
      "Microsoft.Extensions.Configuration.CommandLine": {
        "type": "Transitive",
        "resolved": "8.0.0",
        "contentHash": "NZuZMz3Q8Z780nKX3ifV1fE7lS+6pynDHK71OfU4OZ1ItgvDOhyOC7E6z+JMZrAj63zRpwbdldYFk499t3+1dQ==",
        "dependencies": {
          "Microsoft.Extensions.Configuration": "8.0.0",
          "Microsoft.Extensions.Configuration.Abstractions": "8.0.0"
        }
      },
      "Microsoft.Extensions.Configuration.EnvironmentVariables": {
        "type": "Transitive",
        "resolved": "8.0.0",
        "contentHash": "plvZ0ZIpq+97gdPNNvhwvrEZ92kNml9hd1pe3idMA7svR0PztdzVLkoWLcRFgySYXUJc3kSM3Xw3mNFMo/bxRA==",
        "dependencies": {
          "Microsoft.Extensions.Configuration": "8.0.0",
          "Microsoft.Extensions.Configuration.Abstractions": "8.0.0"
        }
      },
      "Microsoft.Extensions.Configuration.FileExtensions": {
        "type": "Transitive",
        "resolved": "8.0.1",
        "contentHash": "EJzSNO9oaAXnTdtdNO6npPRsIIeZCBSNmdQ091VDO7fBiOtJAAeEq6dtrVXIi3ZyjC5XRSAtVvF8SzcneRHqKQ==",
        "dependencies": {
          "Microsoft.Extensions.Configuration": "8.0.0",
          "Microsoft.Extensions.Configuration.Abstractions": "8.0.0",
          "Microsoft.Extensions.FileProviders.Abstractions": "8.0.0",
          "Microsoft.Extensions.FileProviders.Physical": "8.0.0",
          "Microsoft.Extensions.Primitives": "8.0.0"
        }
      },
      "Microsoft.Extensions.Configuration.Json": {
        "type": "Transitive",
        "resolved": "8.0.1",
        "contentHash": "L89DLNuimOghjV3tLx0ArFDwVEJD6+uGB3BMCMX01kaLzXkaXHb2021xOMl2QOxUxbdePKUZsUY7n2UUkycjRg==",
        "dependencies": {
          "Microsoft.Extensions.Configuration": "8.0.0",
          "Microsoft.Extensions.Configuration.Abstractions": "8.0.0",
          "Microsoft.Extensions.Configuration.FileExtensions": "8.0.1",
          "Microsoft.Extensions.FileProviders.Abstractions": "8.0.0"
        }
      },
      "Microsoft.Extensions.Configuration.UserSecrets": {
        "type": "Transitive",
        "resolved": "8.0.1",
        "contentHash": "7tYqdPPpAK+3jO9d5LTuCK2VxrEdf85Ol4trUr6ds4jclBecadWZ/RyPCbNjfbN5iGTfUnD/h65TOQuqQv2c+A==",
        "dependencies": {
          "Microsoft.Extensions.Configuration.Abstractions": "8.0.0",
          "Microsoft.Extensions.Configuration.Json": "8.0.1",
          "Microsoft.Extensions.FileProviders.Abstractions": "8.0.0",
          "Microsoft.Extensions.FileProviders.Physical": "8.0.0"
        }
      },
      "Microsoft.Extensions.DependencyInjection": {
        "type": "Transitive",
        "resolved": "9.0.4",
        "contentHash": "f2MTUaS2EQ3lX4325ytPAISZqgBfXmY0WvgD80ji6Z20AoDNiCESxsqo6mFRwHJD/jfVKRw9FsW6+86gNre3ug==",
        "dependencies": {
          "Microsoft.Extensions.DependencyInjection.Abstractions": "9.0.4"
        }
      },
      "Microsoft.Extensions.DependencyInjection.Abstractions": {
        "type": "Transitive",
        "resolved": "9.0.4",
        "contentHash": "UI0TQPVkS78bFdjkTodmkH0Fe8lXv9LnhGFKgKrsgUJ5a5FVdFRcgjIkBVLbGgdRhxWirxH/8IXUtEyYJx6GQg=="
      },
      "Microsoft.Extensions.DependencyModel": {
        "type": "Transitive",
        "resolved": "8.0.2",
        "contentHash": "mUBDZZRgZrSyFOsJ2qJJ9fXfqd/kXJwf3AiDoqLD9m6TjY5OO/vLNOb9fb4juC0487eq4hcGN/M2Rh/CKS7QYw=="
      },
      "Microsoft.Extensions.Diagnostics": {
        "type": "Transitive",
        "resolved": "8.0.1",
        "contentHash": "doVPCUUCY7c6LhBsEfiy3W1bvS7Mi6LkfQMS8nlC22jZWNxBv8VO8bdfeyvpYFst6Kxqk7HBC6lytmEoBssvSQ==",
        "dependencies": {
          "Microsoft.Extensions.Configuration": "8.0.0",
          "Microsoft.Extensions.Diagnostics.Abstractions": "8.0.1",
          "Microsoft.Extensions.Options.ConfigurationExtensions": "8.0.0"
        }
      },
      "Microsoft.Extensions.Diagnostics.Abstractions": {
        "type": "Transitive",
        "resolved": "9.0.0",
        "contentHash": "1K8P7XzuzX8W8pmXcZjcrqS6x5eSSdvhQohmcpgiQNY/HlDAlnrhR9dvlURfFz428A+RTCJpUyB+aKTA6AgVcQ==",
        "dependencies": {
          "Microsoft.Extensions.DependencyInjection.Abstractions": "9.0.0",
          "Microsoft.Extensions.Options": "9.0.0",
          "System.Diagnostics.DiagnosticSource": "9.0.0"
        }
      },
      "Microsoft.Extensions.FileProviders.Abstractions": {
        "type": "Transitive",
        "resolved": "9.0.0",
        "contentHash": "uK439QzYR0q2emLVtYzwyK3x+T5bTY4yWsd/k/ZUS9LR6Sflp8MIdhGXW8kQCd86dQD4tLqvcbLkku8qHY263Q==",
        "dependencies": {
          "Microsoft.Extensions.Primitives": "9.0.0"
        }
      },
      "Microsoft.Extensions.FileProviders.Physical": {
        "type": "Transitive",
        "resolved": "8.0.0",
        "contentHash": "UboiXxpPUpwulHvIAVE36Knq0VSHaAmfrFkegLyBZeaADuKezJ/AIXYAW8F5GBlGk/VaibN2k/Zn1ca8YAfVdA==",
        "dependencies": {
          "Microsoft.Extensions.FileProviders.Abstractions": "8.0.0",
          "Microsoft.Extensions.FileSystemGlobbing": "8.0.0",
          "Microsoft.Extensions.Primitives": "8.0.0"
        }
      },
      "Microsoft.Extensions.FileSystemGlobbing": {
        "type": "Transitive",
        "resolved": "8.0.0",
        "contentHash": "OK+670i7esqlQrPjdIKRbsyMCe9g5kSLpRRQGSr4Q58AOYEe/hCnfLZprh7viNisSUUQZmMrbbuDaIrP+V1ebQ=="
      },
      "Microsoft.Extensions.Hosting": {
        "type": "Transitive",
        "resolved": "8.0.1",
        "contentHash": "bP9EEkHBEfjgYiG8nUaXqMk/ujwJrffOkNPP7onpRMO8R+OUSESSP4xHkCAXgYZ1COP2Q9lXlU5gkMFh20gRuw==",
        "dependencies": {
          "Microsoft.Extensions.Configuration": "8.0.0",
          "Microsoft.Extensions.Configuration.Abstractions": "8.0.0",
          "Microsoft.Extensions.Configuration.Binder": "8.0.2",
          "Microsoft.Extensions.Configuration.CommandLine": "8.0.0",
          "Microsoft.Extensions.Configuration.EnvironmentVariables": "8.0.0",
          "Microsoft.Extensions.Configuration.FileExtensions": "8.0.1",
          "Microsoft.Extensions.Configuration.Json": "8.0.1",
          "Microsoft.Extensions.Configuration.UserSecrets": "8.0.1",
          "Microsoft.Extensions.DependencyInjection": "8.0.1",
          "Microsoft.Extensions.DependencyInjection.Abstractions": "8.0.2",
          "Microsoft.Extensions.Diagnostics": "8.0.1",
          "Microsoft.Extensions.FileProviders.Abstractions": "8.0.0",
          "Microsoft.Extensions.FileProviders.Physical": "8.0.0",
          "Microsoft.Extensions.Hosting.Abstractions": "8.0.1",
          "Microsoft.Extensions.Logging": "8.0.1",
          "Microsoft.Extensions.Logging.Abstractions": "8.0.2",
          "Microsoft.Extensions.Logging.Configuration": "8.0.1",
          "Microsoft.Extensions.Logging.Console": "8.0.1",
          "Microsoft.Extensions.Logging.Debug": "8.0.1",
          "Microsoft.Extensions.Logging.EventLog": "8.0.1",
          "Microsoft.Extensions.Logging.EventSource": "8.0.1",
          "Microsoft.Extensions.Options": "8.0.2"
        }
      },
      "Microsoft.Extensions.Hosting.Abstractions": {
        "type": "Transitive",
        "resolved": "9.0.0",
        "contentHash": "yUKJgu81ExjvqbNWqZKshBbLntZMbMVz/P7Way2SBx7bMqA08Mfdc9O7hWDKAiSp+zPUGT6LKcSCQIPeDK+CCw==",
        "dependencies": {
          "Microsoft.Extensions.Configuration.Abstractions": "9.0.0",
          "Microsoft.Extensions.DependencyInjection.Abstractions": "9.0.0",
          "Microsoft.Extensions.Diagnostics.Abstractions": "9.0.0",
          "Microsoft.Extensions.FileProviders.Abstractions": "9.0.0",
          "Microsoft.Extensions.Logging.Abstractions": "9.0.0"
        }
      },
      "Microsoft.Extensions.Logging": {
        "type": "Transitive",
        "resolved": "9.0.0",
        "contentHash": "crjWyORoug0kK7RSNJBTeSE6VX8IQgLf3nUpTB9m62bPXp/tzbnOsnbe8TXEG0AASNaKZddnpHKw7fET8E++Pg==",
        "dependencies": {
          "Microsoft.Extensions.DependencyInjection": "9.0.0",
          "Microsoft.Extensions.Logging.Abstractions": "9.0.0",
          "Microsoft.Extensions.Options": "9.0.0"
        }
      },
      "Microsoft.Extensions.Logging.Abstractions": {
        "type": "Transitive",
        "resolved": "9.0.0",
        "contentHash": "g0UfujELzlLbHoVG8kPKVBaW470Ewi+jnptGS9KUi6jcb+k2StujtK3m26DFSGGwQ/+bVgZfsWqNzlP6YOejvw==",
        "dependencies": {
          "Microsoft.Extensions.DependencyInjection.Abstractions": "9.0.0",
          "System.Diagnostics.DiagnosticSource": "9.0.0"
        }
      },
      "Microsoft.Extensions.Logging.Configuration": {
        "type": "Transitive",
        "resolved": "8.0.1",
        "contentHash": "QWwTrsgOnJMmn+XUslm8D2H1n3PkP/u/v52FODtyBc/k4W9r3i2vcXXeeX/upnzllJYRRbrzVzT0OclfNJtBJA==",
        "dependencies": {
          "Microsoft.Extensions.Configuration": "8.0.0",
          "Microsoft.Extensions.Configuration.Abstractions": "8.0.0",
          "Microsoft.Extensions.Configuration.Binder": "8.0.2",
          "Microsoft.Extensions.DependencyInjection.Abstractions": "8.0.2",
          "Microsoft.Extensions.Logging": "8.0.1",
          "Microsoft.Extensions.Logging.Abstractions": "8.0.2",
          "Microsoft.Extensions.Options": "8.0.2",
          "Microsoft.Extensions.Options.ConfigurationExtensions": "8.0.0"
        }
      },
      "Microsoft.Extensions.Logging.Console": {
        "type": "Transitive",
        "resolved": "8.0.1",
        "contentHash": "uzcg/5U2eLyn5LIKlERkdSxw6VPC1yydnOSQiRRWGBGN3kphq3iL4emORzrojScDmxRhv49gp5BI8U3Dz7y4iA==",
        "dependencies": {
          "Microsoft.Extensions.DependencyInjection.Abstractions": "8.0.2",
          "Microsoft.Extensions.Logging": "8.0.1",
          "Microsoft.Extensions.Logging.Abstractions": "8.0.2",
          "Microsoft.Extensions.Logging.Configuration": "8.0.1",
          "Microsoft.Extensions.Options": "8.0.2"
        }
      },
      "Microsoft.Extensions.Logging.Debug": {
        "type": "Transitive",
        "resolved": "8.0.1",
        "contentHash": "B8hqNuYudC2RB+L/DI33uO4rf5by41fZVdcVL2oZj0UyoAZqnwTwYHp1KafoH4nkl1/23piNeybFFASaV2HkFg==",
        "dependencies": {
          "Microsoft.Extensions.DependencyInjection.Abstractions": "8.0.2",
          "Microsoft.Extensions.Logging": "8.0.1",
          "Microsoft.Extensions.Logging.Abstractions": "8.0.2"
        }
      },
      "Microsoft.Extensions.Logging.EventLog": {
        "type": "Transitive",
        "resolved": "8.0.1",
        "contentHash": "ZD1m4GXoxcZeDJIq8qePKj+QAWeQNO/OG8skvrOG8RQfxLp9MAKRoliTc27xanoNUzeqvX5HhS/I7c0BvwAYUg==",
        "dependencies": {
          "Microsoft.Extensions.DependencyInjection.Abstractions": "8.0.2",
          "Microsoft.Extensions.Logging": "8.0.1",
          "Microsoft.Extensions.Logging.Abstractions": "8.0.2",
          "Microsoft.Extensions.Options": "8.0.2",
          "System.Diagnostics.EventLog": "8.0.1"
        }
      },
      "Microsoft.Extensions.Logging.EventSource": {
        "type": "Transitive",
        "resolved": "8.0.1",
        "contentHash": "YMXMAla6B6sEf/SnfZYTty633Ool3AH7KOw2LOaaEqwSo2piK4f7HMtzyc3CNiipDnq1fsUSuG5Oc7ZzpVy8WQ==",
        "dependencies": {
          "Microsoft.Extensions.DependencyInjection.Abstractions": "8.0.2",
          "Microsoft.Extensions.Logging": "8.0.1",
          "Microsoft.Extensions.Logging.Abstractions": "8.0.2",
          "Microsoft.Extensions.Options": "8.0.2",
          "Microsoft.Extensions.Primitives": "8.0.0"
        }
      },
      "Microsoft.Extensions.Options": {
        "type": "Transitive",
        "resolved": "9.0.0",
        "contentHash": "y2146b3jrPI3Q0lokKXdKLpmXqakYbDIPDV6r3M8SqvSf45WwOTzkyfDpxnZXJsJQEpAsAqjUq5Pu8RCJMjubg==",
        "dependencies": {
          "Microsoft.Extensions.DependencyInjection.Abstractions": "9.0.0",
          "Microsoft.Extensions.Primitives": "9.0.0"
        }
      },
      "Microsoft.Extensions.Options.ConfigurationExtensions": {
        "type": "Transitive",
        "resolved": "8.0.0",
        "contentHash": "0f4DMRqEd50zQh+UyJc+/HiBsZ3vhAQALgdkcQEalSH1L2isdC7Yj54M3cyo5e+BeO5fcBQ7Dxly8XiBBcvRgw==",
        "dependencies": {
          "Microsoft.Extensions.Configuration.Abstractions": "8.0.0",
          "Microsoft.Extensions.Configuration.Binder": "8.0.0",
          "Microsoft.Extensions.DependencyInjection.Abstractions": "8.0.0",
          "Microsoft.Extensions.Options": "8.0.0",
          "Microsoft.Extensions.Primitives": "8.0.0"
        }
      },
      "Microsoft.Extensions.Primitives": {
        "type": "Transitive",
        "resolved": "9.0.0",
        "contentHash": "N3qEBzmLMYiASUlKxxFIISP4AiwuPTHF5uCh+2CWSwwzAJiIYx0kBJsS30cp1nvhSySFAVi30jecD307jV+8Kg=="
      },
      "Microsoft.Xaml.Behaviors.Wpf": {
        "type": "Transitive",
        "resolved": "1.1.39",
        "contentHash": "8PZKqw9QOcu42xk8puY4P1+EXHL9YGOR9b7qhaYx5cILHul456H073tj99vyPcCt0W0781T9RwHqkx507ZyUpQ=="
      },
      "Polly": {
        "type": "Transitive",
        "resolved": "8.5.2",
        "contentHash": "vbXsGgkG86nG+TOwY+SmtrGrRHmHH0DQaxtILx//d3Dz/ocJ8izSNYzdvU2gEtWa/LDD8zJLvD3HdjEkdlvkhg==",
        "dependencies": {
          "Polly.Core": "8.5.2"
        }
      },
      "Polly.Core": {
        "type": "Transitive",
        "resolved": "8.5.2",
        "contentHash": "1MJKdxv4zwDmiWvYvVN24DsrWUfgQ4F83voH8bhbtLMdPuGy8CfTUzsgQhvyrl1a7hrM6f/ydwLVdVUI0xooUw=="
      },
      "ReactiveUI": {
        "type": "Transitive",
        "resolved": "20.2.45",
        "contentHash": "1wyThKtWNi0naldJBYcKcZWib2POzS+fVX28apHGTAl+Gd5iLzoDSlItvC22Yiy+hc8TB7KnkW47kofuXmBhmg==",
        "dependencies": {
          "DynamicData": "9.1.2",
          "Splat": "15.3.1",
          "System.ComponentModel.Annotations": "5.0.0",
          "System.Text.Json": "9.0.2"
        }
      },
      "Riok.Mapperly": {
        "type": "Transitive",
        "resolved": "4.2.1",
        "contentHash": "UZeQSieVlHr48t64J4k2s/lvbMeCXvzsXqV2A/0wyNdPpW8Cyn47+9mfWFJjouPxoSFfEhDbxg+WRbFIHvq4Zw=="
      },
      "Selenium.Support": {
        "type": "Transitive",
        "resolved": "4.32.0",
        "contentHash": "rWIsE2xBZ4i0x7u22dUHC5mUiaNCdZSfPo8+C4xq680ANR7ZIA5eF0a1lJYD+UNntm9LAK/BvZPjMaTOk2fQEg==",
        "dependencies": {
          "Selenium.WebDriver": "4.32.0"
        }
      },
      "Selenium.WebDriver": {
        "type": "Transitive",
        "resolved": "4.32.0",
        "contentHash": "7mocv9JMt3jth7nkfrKISv23dwRR8+1/QE0REyNco+L6A9tSFdR+makPZpGKSE8ppTt8JMyvFPQLgRnPzRL5+w=="
      },
      "Serilog": {
        "type": "Transitive",
        "resolved": "4.2.0",
        "contentHash": "gmoWVOvKgbME8TYR+gwMf7osROiWAURterc6Rt2dQyX7wtjZYpqFiA/pY6ztjGQKKV62GGCyOcmtP1UKMHgSmA=="
      },
      "Serilog.Expressions": {
        "type": "Transitive",
        "resolved": "5.0.0",
        "contentHash": "QhZjXtUcA2QfQRA60m+DfyIfidKsQV7HBstbYEDqzJKMbJH/KnKthkkjciRuYrmFE+scWv1JibC5LlXrdtOUmw==",
        "dependencies": {
          "Serilog": "4.0.0"
        }
      },
      "Serilog.Extensions.Hosting": {
        "type": "Transitive",
        "resolved": "9.0.0",
        "contentHash": "u2TRxuxbjvTAldQn7uaAwePkWxTHIqlgjelekBtilAGL5sYyF3+65NWctN4UrwwGLsDC7c3Vz3HnOlu+PcoxXg==",
        "dependencies": {
          "Microsoft.Extensions.DependencyInjection.Abstractions": "9.0.0",
          "Microsoft.Extensions.Hosting.Abstractions": "9.0.0",
          "Microsoft.Extensions.Logging.Abstractions": "9.0.0",
          "Serilog": "4.2.0",
          "Serilog.Extensions.Logging": "9.0.0"
        }
      },
      "Serilog.Extensions.Logging": {
        "type": "Transitive",
        "resolved": "9.0.0",
        "contentHash": "NwSSYqPJeKNzl5AuXVHpGbr6PkZJFlNa14CdIebVjK3k/76kYj/mz5kiTRNVSsSaxM8kAIa1kpy/qyT9E4npRQ==",
        "dependencies": {
          "Microsoft.Extensions.Logging": "9.0.0",
          "Serilog": "4.2.0"
        }
      },
      "Serilog.Sinks.File": {
        "type": "Transitive",
        "resolved": "7.0.0",
        "contentHash": "fKL7mXv7qaiNBUC71ssvn/dU0k9t0o45+qm2XgKAlSt19xF+ijjxyA3R6HmCgfKEKwfcfkwWjayuQtRueZFkYw==",
        "dependencies": {
          "Serilog": "4.2.0"
        }
      },
      "Serilog.Sinks.Map": {
        "type": "Transitive",
        "resolved": "2.0.0",
        "contentHash": "bpfOs8W9r5AwZ65/7IHGDI8eBdd8FgUbLd8aCmaMNN4ZSkcHfXGUnPL+PO/wpGJzw/XQNMLx8tro5H7xf2uL1A==",
        "dependencies": {
          "Serilog": "4.0.0"
        }
      },
      "Splat": {
        "type": "Transitive",
        "resolved": "15.3.1",
        "contentHash": "zyu98Mwp8gTi3MlS6EGtvcacmw5W/qA4/h/DVeZ28A1dR6mcM628ujHck6LK5SM6LwroR5LzBonWgeFtwo2Afg=="
      },
      "Splat.Drawing": {
        "type": "Transitive",
        "resolved": "15.3.1",
        "contentHash": "cnSYZ3/zRE0Kh14SqCEV6NtlkS1mOeUTSsgeREivLSdWtHdjWoNj+NyekaZ+fPQatFc+ACyTphFHC/8vMtQcmQ==",
        "dependencies": {
          "Splat": "15.3.1"
        }
      },
      "Splat.Microsoft.Extensions.DependencyInjection": {
        "type": "Transitive",
        "resolved": "15.3.1",
        "contentHash": "9iKQ2T2Mit/yzVew/FEi+A3wWgHEDv8EQtoUX7ArK/bughD17DYVlalM2X/uxW3Jf5BO0xqRByXXTMmV0z2BfA==",
        "dependencies": {
          "Microsoft.Extensions.DependencyInjection": "9.0.1",
          "Splat": "15.3.1"
        }
      },
      "SQLitePCLRaw.bundle_e_sqlite3": {
        "type": "Transitive",
        "resolved": "2.1.6",
        "contentHash": "BmAf6XWt4TqtowmiWe4/5rRot6GerAeklmOPfviOvwLoF5WwgxcJHAxZtySuyW9r9w+HLILnm8VfJFLCUJYW8A==",
        "dependencies": {
          "SQLitePCLRaw.lib.e_sqlite3": "2.1.6",
          "SQLitePCLRaw.provider.e_sqlite3": "2.1.6"
        }
      },
      "SQLitePCLRaw.core": {
        "type": "Transitive",
        "resolved": "2.1.6",
        "contentHash": "wO6v9GeMx9CUngAet8hbO7xdm+M42p1XeJq47ogyRoYSvNSp0NGLI+MgC0bhrMk9C17MTVFlLiN6ylyExLCc5w==",
        "dependencies": {
          "System.Memory": "4.5.3"
        }
      },
      "SQLitePCLRaw.lib.e_sqlite3": {
        "type": "Transitive",
        "resolved": "2.1.6",
        "contentHash": "2ObJJLkIUIxRpOUlZNGuD4rICpBnrBR5anjyfUFQep4hMOIeqW+XGQYzrNmHSVz5xSWZ3klSbh7sFR6UyDj68Q=="
      },
      "SQLitePCLRaw.provider.e_sqlite3": {
        "type": "Transitive",
        "resolved": "2.1.6",
        "contentHash": "PQ2Oq3yepLY4P7ll145P3xtx2bX8xF4PzaKPRpw9jZlKvfe4LE/saAV82inND9usn1XRpmxXk7Lal3MTI+6CNg==",
        "dependencies": {
          "SQLitePCLRaw.core": "2.1.6"
        }
      },
      "System.ComponentModel.Annotations": {
        "type": "Transitive",
        "resolved": "5.0.0",
        "contentHash": "dMkqfy2el8A8/I76n2Hi1oBFEbG1SfxD2l5nhwXV3XjlnOmwxJlQbYpJH4W51odnU9sARCSAgv7S3CyAFMkpYg=="
      },
      "System.Diagnostics.DiagnosticSource": {
        "type": "Transitive",
        "resolved": "9.0.0",
        "contentHash": "ddppcFpnbohLWdYKr/ZeLZHmmI+DXFgZ3Snq+/E7SwcdW4UnvxmaugkwGywvGVWkHPGCSZjCP+MLzu23AL5SDw=="
      },
      "System.Diagnostics.EventLog": {
        "type": "Transitive",
        "resolved": "8.0.1",
        "contentHash": "n1ZP7NM2Gkn/MgD8+eOT5MulMj6wfeQMNS2Pizvq5GHCZfjlFMXV2irQlQmJhwA2VABC57M0auudO89Iu2uRLg=="
      },
      "System.IO.Pipelines": {
        "type": "Transitive",
        "resolved": "9.0.2",
        "contentHash": "UIBaK7c/A3FyQxmX/747xw4rCUkm1BhNiVU617U5jweNJssNjLJkPUGhBsrlDG0BpKWCYKsncD+Kqpy4KmvZZQ=="
      },
      "System.Memory": {
        "type": "Transitive",
        "resolved": "4.5.3",
        "contentHash": "3oDzvc/zzetpTKWMShs1AADwZjQ/36HnsufHRPcOjyRAAMLDlu2iD33MBI2opxnezcVUtXyqDXXjoFMOU9c7SA=="
      },
      "System.Reactive": {
        "type": "Transitive",
        "resolved": "6.0.1",
        "contentHash": "rHaWtKDwCi9qJ3ObKo8LHPMuuwv33YbmQi7TcUK1C264V3MFnOr5Im7QgCTdLniztP3GJyeiSg5x8NqYJFqRmg=="
      },
      "System.Text.Encodings.Web": {
        "type": "Transitive",
        "resolved": "9.0.2",
        "contentHash": "/kCGdrXg0PXrvkHYyHubXJHcmCAvJrxTZ7g4XS6UCxY1JW79aMjtUW6UYNECHJmiyFZsZ/vUuWOM4CtNpiNt8Q=="
      },
      "System.Text.Json": {
        "type": "Transitive",
        "resolved": "9.0.2",
        "contentHash": "4TY2Yokh5Xp8XHFhsY9y84yokS7B0rhkaZCXuRiKppIiKwPVH4lVSFD9EEFzRpXdBM5ZeZXD43tc2vB6njEwwQ==",
        "dependencies": {
          "System.IO.Pipelines": "9.0.2",
          "System.Text.Encodings.Web": "9.0.2"
        }
      },
      "System.Threading.Tasks.Extensions": {
        "type": "Transitive",
        "resolved": "4.5.4",
        "contentHash": "zteT+G8xuGu6mS+mzDzYXbzS7rd3K6Fjb9RiZlYlJPam2/hU7JCBZBVEcywNuR+oZ1ncTvc/cq0faRr3P01OVg=="
      },
      "maincore": {
        "type": "Project",
        "dependencies": {
          "FluentResults": "[3.16.0, )",
          "FluentValidation": "[12.0.0, )",
          "FluentValidation.DependencyInjectionExtensions": "[12.0.0, )",
          "HtmlAgilityPack": "[1.12.1, )",
          "Humanizer.Core": "[2.14.1, )",
          "Immediate.Handlers": "[2.1.0, )",
          "Injectio": "[5.0.0, )",
          "Microsoft.EntityFrameworkCore.Sqlite": "[8.0.15, )",
          "Microsoft.Extensions.Caching.Memory": "[8.0.1, )",
          "Microsoft.Extensions.Hosting": "[8.0.1, )",
          "Polly": "[8.5.2, )",
          "ReactiveUI": "[20.2.45, )",
          "Riok.Mapperly": "[4.2.1, )",
          "Selenium.Support": "[4.32.0, )",
          "Selenium.WebDriver": "[4.32.0, )",
          "Serilog": "[4.2.0, )",
          "Serilog.Expressions": "[5.0.0, )",
          "Serilog.Extensions.Hosting": "[9.0.0, )",
          "Serilog.Sinks.File": "[7.0.0, )",
          "Serilog.Sinks.Map": "[2.0.0, )",
          "Splat": "[15.3.1, )",
          "Splat.Drawing": "[15.3.1, )",
          "Splat.Microsoft.Extensions.DependencyInjection": "[15.3.1, )"
        }
      }
    },
    "net8.0-windows10.0.19041/win-x64": {
      "SQLitePCLRaw.lib.e_sqlite3": {
        "type": "Transitive",
        "resolved": "2.1.6",
        "contentHash": "2ObJJLkIUIxRpOUlZNGuD4rICpBnrBR5anjyfUFQep4hMOIeqW+XGQYzrNmHSVz5xSWZ3klSbh7sFR6UyDj68Q=="
      },
      "System.Diagnostics.EventLog": {
        "type": "Transitive",
        "resolved": "8.0.1",
        "contentHash": "n1ZP7NM2Gkn/MgD8+eOT5MulMj6wfeQMNS2Pizvq5GHCZfjlFMXV2irQlQmJhwA2VABC57M0auudO89Iu2uRLg=="
      },
      "System.Text.Encodings.Web": {
        "type": "Transitive",
        "resolved": "9.0.2",
        "contentHash": "/kCGdrXg0PXrvkHYyHubXJHcmCAvJrxTZ7g4XS6UCxY1JW79aMjtUW6UYNECHJmiyFZsZ/vUuWOM4CtNpiNt8Q=="
      }
    }
  }
}